
Microsoft Visual Studio Solution File, Format Version 12.00
# Visual Studio Version 16
VisualStudioVersion = 16.0.31702.278
MinimumVisualStudioVersion = 10.0.40219.1
Project("{E24C65DC-7377-472B-9ABA-BC803B73C61A}") = "Basic HTML Fundamentals", ".", "{A4F4E65A-FD03-498B-8810-BDA570F3860D}"
	ProjectSection(WebsiteProperties) = preProject
		TargetFrameworkMoniker = ".NETFramework,Version%3Dv4.0"
		Debug.AspNetCompiler.VirtualPath = "/localhost_64854"
		Debug.AspNetCompiler.PhysicalPath = "..\Basic HTML Fundamentals\"
		Debug.AspNetCompiler.TargetPath = "PrecompiledWeb\localhost_64854\"
		Debug.AspNetCompiler.Updateable = "true"
		Debug.AspNetCompiler.ForceOverwrite = "true"
		Debug.AspNetCompiler.FixedNames = "false"
		Debug.AspNetCompiler.Debug = "True"
		Release.AspNetCompiler.VirtualPath = "/localhost_64854"
		Release.AspNetCompiler.PhysicalPath = "..\Basic HTML Fundamentals\"
		Release.AspNetCompiler.TargetPath = "PrecompiledWeb\localhost_64854\"
		Release.AspNetCompiler.Updateable = "true"
		Release.AspNetCompiler.ForceOverwrite = "true"
		Release.AspNetCompiler.FixedNames = "false"
		Release.AspNetCompiler.Debug = "False"
		VWDPort = "64854"
	EndProjectSection
EndProject
Global
	GlobalSection(SolutionConfigurationPlatforms) = preSolution
		Debug|Any CPU = Debug|Any CPU
	EndGlobalSection
	GlobalSection(ProjectConfigurationPlatforms) = postSolution
		{A4F4E65A-FD03-498B-8810-BDA570F3860D}.Debug|Any CPU.ActiveCfg = Debug|Any CPU
		{A4F4E65A-FD03-498B-8810-BDA570F3860D}.Debug|Any CPU.Build.0 = Debug|Any CPU
	EndGlobalSection
	GlobalSection(SolutionProperties) = preSolution
		HideSolutionNode = FALSE
	EndGlobalSection
	GlobalSection(ExtensibilityGlobals) = postSolution
		SolutionGuid = {C278114D-36BF-40D0-8815-FEEEDDF5DBDD}
	EndGlobalSection
EndGlobal
